
Microsoft Visual Studio Solution File, Format Version 12.00
# Visual Studio Version 17
VisualStudioVersion = 17.14.36915.13
MinimumVisualStudioVersion = 10.0.40219.1
Project("{FAE04EC0-301F-11D3-BF4B-00C04F79EFBC}") = "ExemplosAula", "ExemplosAula\ExemplosAula.csproj", "{41187808-EB44-48AA-BE99-CE9AF4EBC200}"
EndProject
Project("{FAE04EC0-301F-11D3-BF4B-00C04F79EFBC}") = "RestoDivisão", "RestoDivisão\RestoDivisão.csproj", "{87FC85B2-D876-4086-8F04-9B0B8351D9C4}"
EndProject
Project("{FAE04EC0-301F-11D3-BF4B-00C04F79EFBC}") = "CalculadoraAvançada", "CalculadoraAvançada\CalculadoraAvançada.csproj", "{B8A9ED96-B292-48DF-81E1-B2D2BFB56D39}"
EndProject
Project("{FAE04EC0-301F-11D3-BF4B-00C04F79EFBC}") = "ValidadorDeSenhas", "ValidadorDeSenhas\ValidadorDeSenhas.csproj", "{11C1BB7A-F1BA-4DCE-8492-667EFE4949BD}"
EndProject
Project("{FAE04EC0-301F-11D3-BF4B-00C04F79EFBC}") = "Frm_Mascara", "Frm_Mascara\Frm_Mascara.csproj", "{1D023D81-B47B-45B1-A45A-1C7CE40D1F84}"
EndProject
Project("{FAE04EC0-301F-11D3-BF4B-00C04F79EFBC}") = "Frm_ValidaCPF", "Frm_ValidaCPF\Frm_ValidaCPF.csproj", "{69506764-FB18-4C99-B306-D0EA0ABE49CE}"
EndProject
Project("{FAE04EC0-301F-11D3-BF4B-00C04F79EFBC}") = "PictureView", "PictureView\PictureView.csproj", "{92FC9284-0A97-4061-8D13-2178845B3862}"
EndProject
Global
	GlobalSection(SolutionConfigurationPlatforms) = preSolution
		Debug|Any CPU = Debug|Any CPU
		Release|Any CPU = Release|Any CPU
	EndGlobalSection
	GlobalSection(ProjectConfigurationPlatforms) = postSolution
		{41187808-EB44-48AA-BE99-CE9AF4EBC200}.Debug|Any CPU.ActiveCfg = Debug|Any CPU
		{41187808-EB44-48AA-BE99-CE9AF4EBC200}.Debug|Any CPU.Build.0 = Debug|Any CPU
		{41187808-EB44-48AA-BE99-CE9AF4EBC200}.Release|Any CPU.ActiveCfg = Release|Any CPU
		{41187808-EB44-48AA-BE99-CE9AF4EBC200}.Release|Any CPU.Build.0 = Release|Any CPU
		{87FC85B2-D876-4086-8F04-9B0B8351D9C4}.Debug|Any CPU.ActiveCfg = Debug|Any CPU
		{87FC85B2-D876-4086-8F04-9B0B8351D9C4}.Debug|Any CPU.Build.0 = Debug|Any CPU
		{87FC85B2-D876-4086-8F04-9B0B8351D9C4}.Release|Any CPU.ActiveCfg = Release|Any CPU
		{87FC85B2-D876-4086-8F04-9B0B8351D9C4}.Release|Any CPU.Build.0 = Release|Any CPU
		{B8A9ED96-B292-48DF-81E1-B2D2BFB56D39}.Debug|Any CPU.ActiveCfg = Debug|Any CPU
		{B8A9ED96-B292-48DF-81E1-B2D2BFB56D39}.Debug|Any CPU.Build.0 = Debug|Any CPU
		{B8A9ED96-B292-48DF-81E1-B2D2BFB56D39}.Release|Any CPU.ActiveCfg = Release|Any CPU
		{B8A9ED96-B292-48DF-81E1-B2D2BFB56D39}.Release|Any CPU.Build.0 = Release|Any CPU
		{11C1BB7A-F1BA-4DCE-8492-667EFE4949BD}.Debug|Any CPU.ActiveCfg = Debug|Any CPU
		{11C1BB7A-F1BA-4DCE-8492-667EFE4949BD}.Debug|Any CPU.Build.0 = Debug|Any CPU
		{11C1BB7A-F1BA-4DCE-8492-667EFE4949BD}.Release|Any CPU.ActiveCfg = Release|Any CPU
		{11C1BB7A-F1BA-4DCE-8492-667EFE4949BD}.Release|Any CPU.Build.0 = Release|Any CPU
		{1D023D81-B47B-45B1-A45A-1C7CE40D1F84}.Debug|Any CPU.ActiveCfg = Debug|Any CPU
		{1D023D81-B47B-45B1-A45A-1C7CE40D1F84}.Debug|Any CPU.Build.0 = Debug|Any CPU
		{1D023D81-B47B-45B1-A45A-1C7CE40D1F84}.Release|Any CPU.ActiveCfg = Release|Any CPU
		{1D023D81-B47B-45B1-A45A-1C7CE40D1F84}.Release|Any CPU.Build.0 = Release|Any CPU
		{69506764-FB18-4C99-B306-D0EA0ABE49CE}.Debug|Any CPU.ActiveCfg = Debug|Any CPU
		{69506764-FB18-4C99-B306-D0EA0ABE49CE}.Debug|Any CPU.Build.0 = Debug|Any CPU
		{69506764-FB18-4C99-B306-D0EA0ABE49CE}.Release|Any CPU.ActiveCfg = Release|Any CPU
		{69506764-FB18-4C99-B306-D0EA0ABE49CE}.Release|Any CPU.Build.0 = Release|Any CPU
		{92FC9284-0A97-4061-8D13-2178845B3862}.Debug|Any CPU.ActiveCfg = Debug|Any CPU
		{92FC9284-0A97-4061-8D13-2178845B3862}.Debug|Any CPU.Build.0 = Debug|Any CPU
		{92FC9284-0A97-4061-8D13-2178845B3862}.Release|Any CPU.ActiveCfg = Release|Any CPU
		{92FC9284-0A97-4061-8D13-2178845B3862}.Release|Any CPU.Build.0 = Release|Any CPU
	EndGlobalSection
	GlobalSection(SolutionProperties) = preSolution
		HideSolutionNode = FALSE
	EndGlobalSection
	GlobalSection(ExtensibilityGlobals) = postSolution
		SolutionGuid = {C9E8F7B3-EB42-4DD8-8710-D3E2BD751B49}
	EndGlobalSection
EndGlobal
